
Microsoft Visual Studio Solution File, Format Version 12.00
# Visual Studio Version 17
VisualStudioVersion = 17.0.31903.59
MinimumVisualStudioVersion = 10.0.40219.1
Project("{2150E333-8FDC-42A3-9474-1A3956D46DE8}") = "src", "src", "{827E0CD3-B72D-47B6-A68D-7590B98EB39B}"
EndProject
Project("{FAE04EC0-301F-11D3-BF4B-00C04F79EFBC}") = "DreamBig.SourceGen.Dapper.Abstractions", "src\DreamBig.SourceGen.Dapper.Abstractions\DreamBig.SourceGen.Dapper.Abstractions.csproj", "{E0363247-0C8D-4000-88CB-05F4558B5FE0}"
EndProject
Project("{FAE04EC0-301F-11D3-BF4B-00C04F79EFBC}") = "DreamBig.SourceGen.Dapper.Generator", "src\DreamBig.SourceGen.Dapper.Generator\DreamBig.SourceGen.Dapper.Generator.csproj", "{C1431FB5-8F82-4C71-AE78-CBD51EA997B2}"
EndProject
Project("{FAE04EC0-301F-11D3-BF4B-00C04F79EFBC}") = "DreamBig.SourceGen.Dapper.Package", "src\DreamBig.SourceGen.Dapper.Package\DreamBig.SourceGen.Dapper.Package.csproj", "{C105D12C-3FA9-4D64-A77A-37F8500DDF01}"
EndProject
Project("{2150E333-8FDC-42A3-9474-1A3956D46DE8}") = "tests", "tests", "{0AB3BF05-4346-4AA6-1389-037BE0695223}"
EndProject
Project("{FAE04EC0-301F-11D3-BF4B-00C04F79EFBC}") = "DreamBig.SourceGen.Dapper.Tests", "tests\DreamBig.SourceGen.Dapper.Tests\DreamBig.SourceGen.Dapper.Tests.csproj", "{ADF80E12-F604-4A6D-818C-5E448333537C}"
EndProject
Project("{FAE04EC0-301F-11D3-BF4B-00C04F79EFBC}") = "DreamBig.SourceGen.Dapper.Generator.Tests", "tests\DreamBig.SourceGen.Dapper.Generator.Tests\DreamBig.SourceGen.Dapper.Generator.Tests.csproj", "{90CAF4C8-D722-4BF6-910B-8778640D4D96}"
EndProject
Global
	GlobalSection(SolutionConfigurationPlatforms) = preSolution
		Debug|Any CPU = Debug|Any CPU
		Debug|x64 = Debug|x64
		Debug|x86 = Debug|x86
		Release|Any CPU = Release|Any CPU
		Release|x64 = Release|x64
		Release|x86 = Release|x86
	EndGlobalSection
	GlobalSection(ProjectConfigurationPlatforms) = postSolution
		{E0363247-0C8D-4000-88CB-05F4558B5FE0}.Debug|Any CPU.ActiveCfg = Debug|Any CPU
		{E0363247-0C8D-4000-88CB-05F4558B5FE0}.Debug|Any CPU.Build.0 = Debug|Any CPU
		{E0363247-0C8D-4000-88CB-05F4558B5FE0}.Debug|x64.ActiveCfg = Debug|Any CPU
		{E0363247-0C8D-4000-88CB-05F4558B5FE0}.Debug|x64.Build.0 = Debug|Any CPU
		{E0363247-0C8D-4000-88CB-05F4558B5FE0}.Debug|x86.ActiveCfg = Debug|Any CPU
		{E0363247-0C8D-4000-88CB-05F4558B5FE0}.Debug|x86.Build.0 = Debug|Any CPU
		{E0363247-0C8D-4000-88CB-05F4558B5FE0}.Release|Any CPU.ActiveCfg = Release|Any CPU
		{E0363247-0C8D-4000-88CB-05F4558B5FE0}.Release|Any CPU.Build.0 = Release|Any CPU
		{E0363247-0C8D-4000-88CB-05F4558B5FE0}.Release|x64.ActiveCfg = Release|Any CPU
		{E0363247-0C8D-4000-88CB-05F4558B5FE0}.Release|x64.Build.0 = Release|Any CPU
		{E0363247-0C8D-4000-88CB-05F4558B5FE0}.Release|x86.ActiveCfg = Release|Any CPU
		{E0363247-0C8D-4000-88CB-05F4558B5FE0}.Release|x86.Build.0 = Release|Any CPU
		{C1431FB5-8F82-4C71-AE78-CBD51EA997B2}.Debug|Any CPU.ActiveCfg = Debug|Any CPU
		{C1431FB5-8F82-4C71-AE78-CBD51EA997B2}.Debug|Any CPU.Build.0 = Debug|Any CPU
		{C1431FB5-8F82-4C71-AE78-CBD51EA997B2}.Debug|x64.ActiveCfg = Debug|Any CPU
		{C1431FB5-8F82-4C71-AE78-CBD51EA997B2}.Debug|x64.Build.0 = Debug|Any CPU
		{C1431FB5-8F82-4C71-AE78-CBD51EA997B2}.Debug|x86.ActiveCfg = Debug|Any CPU
		{C1431FB5-8F82-4C71-AE78-CBD51EA997B2}.Debug|x86.Build.0 = Debug|Any CPU
		{C1431FB5-8F82-4C71-AE78-CBD51EA997B2}.Release|Any CPU.ActiveCfg = Release|Any CPU
		{C1431FB5-8F82-4C71-AE78-CBD51EA997B2}.Release|Any CPU.Build.0 = Release|Any CPU
		{C1431FB5-8F82-4C71-AE78-CBD51EA997B2}.Release|x64.ActiveCfg = Release|Any CPU
		{C1431FB5-8F82-4C71-AE78-CBD51EA997B2}.Release|x64.Build.0 = Release|Any CPU
		{C1431FB5-8F82-4C71-AE78-CBD51EA997B2}.Release|x86.ActiveCfg = Release|Any CPU
		{C1431FB5-8F82-4C71-AE78-CBD51EA997B2}.Release|x86.Build.0 = Release|Any CPU
		{C105D12C-3FA9-4D64-A77A-37F8500DDF01}.Debug|Any CPU.ActiveCfg = Debug|Any CPU
		{C105D12C-3FA9-4D64-A77A-37F8500DDF01}.Debug|Any CPU.Build.0 = Debug|Any CPU
		{C105D12C-3FA9-4D64-A77A-37F8500DDF01}.Debug|x64.ActiveCfg = Debug|Any CPU
		{C105D12C-3FA9-4D64-A77A-37F8500DDF01}.Debug|x64.Build.0 = Debug|Any CPU
		{C105D12C-3FA9-4D64-A77A-37F8500DDF01}.Debug|x86.ActiveCfg = Debug|Any CPU
		{C105D12C-3FA9-4D64-A77A-37F8500DDF01}.Debug|x86.Build.0 = Debug|Any CPU
		{C105D12C-3FA9-4D64-A77A-37F8500DDF01}.Release|Any CPU.ActiveCfg = Release|Any CPU
		{C105D12C-3FA9-4D64-A77A-37F8500DDF01}.Release|Any CPU.Build.0 = Release|Any CPU
		{C105D12C-3FA9-4D64-A77A-37F8500DDF01}.Release|x64.ActiveCfg = Release|Any CPU
		{C105D12C-3FA9-4D64-A77A-37F8500DDF01}.Release|x64.Build.0 = Release|Any CPU
		{C105D12C-3FA9-4D64-A77A-37F8500DDF01}.Release|x86.ActiveCfg = Release|Any CPU
		{C105D12C-3FA9-4D64-A77A-37F8500DDF01}.Release|x86.Build.0 = Release|Any CPU
		{ADF80E12-F604-4A6D-818C-5E448333537C}.Debug|Any CPU.ActiveCfg = Debug|Any CPU
		{ADF80E12-F604-4A6D-818C-5E448333537C}.Debug|Any CPU.Build.0 = Debug|Any CPU
		{ADF80E12-F604-4A6D-818C-5E448333537C}.Debug|x64.ActiveCfg = Debug|Any CPU
		{ADF80E12-F604-4A6D-818C-5E448333537C}.Debug|x64.Build.0 = Debug|Any CPU
		{ADF80E12-F604-4A6D-818C-5E448333537C}.Debug|x86.ActiveCfg = Debug|Any CPU
		{ADF80E12-F604-4A6D-818C-5E448333537C}.Debug|x86.Build.0 = Debug|Any CPU
		{ADF80E12-F604-4A6D-818C-5E448333537C}.Release|Any CPU.ActiveCfg = Release|Any CPU
		{ADF80E12-F604-4A6D-818C-5E448333537C}.Release|Any CPU.Build.0 = Release|Any CPU
		{ADF80E12-F604-4A6D-818C-5E448333537C}.Release|x64.ActiveCfg = Release|Any CPU
		{ADF80E12-F604-4A6D-818C-5E448333537C}.Release|x64.Build.0 = Release|Any CPU
		{ADF80E12-F604-4A6D-818C-5E448333537C}.Release|x86.ActiveCfg = Release|Any CPU
		{ADF80E12-F604-4A6D-818C-5E448333537C}.Release|x86.Build.0 = Release|Any CPU
		{90CAF4C8-D722-4BF6-910B-8778640D4D96}.Debug|Any CPU.ActiveCfg = Debug|Any CPU
		{90CAF4C8-D722-4BF6-910B-8778640D4D96}.Debug|Any CPU.Build.0 = Debug|Any CPU
		{90CAF4C8-D722-4BF6-910B-8778640D4D96}.Debug|x64.ActiveCfg = Debug|Any CPU
		{90CAF4C8-D722-4BF6-910B-8778640D4D96}.Debug|x64.Build.0 = Debug|Any CPU
		{90CAF4C8-D722-4BF6-910B-8778640D4D96}.Debug|x86.ActiveCfg = Debug|Any CPU
		{90CAF4C8-D722-4BF6-910B-8778640D4D96}.Debug|x86.Build.0 = Debug|Any CPU
		{90CAF4C8-D722-4BF6-910B-8778640D4D96}.Release|Any CPU.ActiveCfg = Release|Any CPU
		{90CAF4C8-D722-4BF6-910B-8778640D4D96}.Release|Any CPU.Build.0 = Release|Any CPU
		{90CAF4C8-D722-4BF6-910B-8778640D4D96}.Release|x64.ActiveCfg = Release|Any CPU
		{90CAF4C8-D722-4BF6-910B-8778640D4D96}.Release|x64.Build.0 = Release|Any CPU
		{90CAF4C8-D722-4BF6-910B-8778640D4D96}.Release|x86.ActiveCfg = Release|Any CPU
		{90CAF4C8-D722-4BF6-910B-8778640D4D96}.Release|x86.Build.0 = Release|Any CPU
	EndGlobalSection
	GlobalSection(SolutionProperties) = preSolution
		HideSolutionNode = FALSE
	EndGlobalSection
	GlobalSection(NestedProjects) = preSolution
		{E0363247-0C8D-4000-88CB-05F4558B5FE0} = {827E0CD3-B72D-47B6-A68D-7590B98EB39B}
		{C1431FB5-8F82-4C71-AE78-CBD51EA997B2} = {827E0CD3-B72D-47B6-A68D-7590B98EB39B}
		{C105D12C-3FA9-4D64-A77A-37F8500DDF01} = {827E0CD3-B72D-47B6-A68D-7590B98EB39B}
		{ADF80E12-F604-4A6D-818C-5E448333537C} = {0AB3BF05-4346-4AA6-1389-037BE0695223}
		{90CAF4C8-D722-4BF6-910B-8778640D4D96} = {0AB3BF05-4346-4AA6-1389-037BE0695223}
	EndGlobalSection
EndGlobal
